
Microsoft Visual Studio Solution File, Format Version 12.00
# Visual Studio Version 17
VisualStudioVersion = 17.11.35327.3
MinimumVisualStudioVersion = 10.0.40219.1
Project("{FAE04EC0-301F-11D3-BF4B-00C04F79EFBC}") = "OOPInterfaceInheritance", "OOPInterfaceInheritance\OOPInterfaceInheritance.csproj", "{209752E7-8639-44EA-A2EE-5017B1803BC6}"
EndProject
Global
	GlobalSection(SolutionConfigurationPlatforms) = preSolution
		Debug|Any CPU = Debug|Any CPU
		Release|Any CPU = Release|Any CPU
	EndGlobalSection
	GlobalSection(ProjectConfigurationPlatforms) = postSolution
		{209752E7-8639-44EA-A2EE-5017B1803BC6}.Debug|Any CPU.ActiveCfg = Debug|Any CPU
		{209752E7-8639-44EA-A2EE-5017B1803BC6}.Debug|Any CPU.Build.0 = Debug|Any CPU
		{209752E7-8639-44EA-A2EE-5017B1803BC6}.Release|Any CPU.ActiveCfg = Release|Any CPU
		{209752E7-8639-44EA-A2EE-5017B1803BC6}.Release|Any CPU.Build.0 = Release|Any CPU
	EndGlobalSection
	GlobalSection(SolutionProperties) = preSolution
		HideSolutionNode = FALSE
	EndGlobalSection
	GlobalSection(ExtensibilityGlobals) = postSolution
		SolutionGuid = {9C5F6F7D-4E59-4AC7-81CE-DF9910CE2042}
	EndGlobalSection
EndGlobal
