
Microsoft Visual Studio Solution File, Format Version 12.00
# Visual Studio Version 17
VisualStudioVersion = 17.11.35327.3
MinimumVisualStudioVersion = 10.0.40219.1
Project("{FAE04EC0-301F-11D3-BF4B-00C04F79EFBC}") = "ExceptionHandling", "ExceptionHandling\ExceptionHandling.csproj", "{BCE2D4A7-E4EA-40AA-8F6C-7EF4843ED02E}"
EndProject
Global
	GlobalSection(SolutionConfigurationPlatforms) = preSolution
		Debug|Any CPU = Debug|Any CPU
		Release|Any CPU = Release|Any CPU
	EndGlobalSection
	GlobalSection(ProjectConfigurationPlatforms) = postSolution
		{BCE2D4A7-E4EA-40AA-8F6C-7EF4843ED02E}.Debug|Any CPU.ActiveCfg = Debug|Any CPU
		{BCE2D4A7-E4EA-40AA-8F6C-7EF4843ED02E}.Debug|Any CPU.Build.0 = Debug|Any CPU
		{BCE2D4A7-E4EA-40AA-8F6C-7EF4843ED02E}.Release|Any CPU.ActiveCfg = Release|Any CPU
		{BCE2D4A7-E4EA-40AA-8F6C-7EF4843ED02E}.Release|Any CPU.Build.0 = Release|Any CPU
	EndGlobalSection
	GlobalSection(SolutionProperties) = preSolution
		HideSolutionNode = FALSE
	EndGlobalSection
	GlobalSection(ExtensibilityGlobals) = postSolution
		SolutionGuid = {562FBAC9-8A06-4E59-B6B3-921C861D6EFF}
	EndGlobalSection
EndGlobal
