
Microsoft Visual Studio Solution File, Format Version 12.00
# Visual Studio Version 17
VisualStudioVersion = 17.11.35327.3
MinimumVisualStudioVersion = 10.0.40219.1
Project("{FAE04EC0-301F-11D3-BF4B-00C04F79EFBC}") = "DegerReferans", "DegerReferans\DegerReferans.csproj", "{ACCA6EAA-3FCD-4BB9-8855-7F4BA7779AFA}"
EndProject
Global
	GlobalSection(SolutionConfigurationPlatforms) = preSolution
		Debug|Any CPU = Debug|Any CPU
		Release|Any CPU = Release|Any CPU
	EndGlobalSection
	GlobalSection(ProjectConfigurationPlatforms) = postSolution
		{ACCA6EAA-3FCD-4BB9-8855-7F4BA7779AFA}.Debug|Any CPU.ActiveCfg = Debug|Any CPU
		{ACCA6EAA-3FCD-4BB9-8855-7F4BA7779AFA}.Debug|Any CPU.Build.0 = Debug|Any CPU
		{ACCA6EAA-3FCD-4BB9-8855-7F4BA7779AFA}.Release|Any CPU.ActiveCfg = Release|Any CPU
		{ACCA6EAA-3FCD-4BB9-8855-7F4BA7779AFA}.Release|Any CPU.Build.0 = Release|Any CPU
	EndGlobalSection
	GlobalSection(SolutionProperties) = preSolution
		HideSolutionNode = FALSE
	EndGlobalSection
	GlobalSection(ExtensibilityGlobals) = postSolution
		SolutionGuid = {530815CB-6928-4A4D-9D91-68DB5D7B3FB0}
	EndGlobalSection
EndGlobal
