
Microsoft Visual Studio Solution File, Format Version 12.00
# Visual Studio Version 17
VisualStudioVersion = 17.11.35327.3
MinimumVisualStudioVersion = 10.0.40219.1
Project("{FAE04EC0-301F-11D3-BF4B-00C04F79EFBC}") = "Diziler", "Diziler\Diziler.csproj", "{6DAD8F28-A05C-43F2-9A78-29076375DC48}"
EndProject
Global
	GlobalSection(SolutionConfigurationPlatforms) = preSolution
		Debug|Any CPU = Debug|Any CPU
		Release|Any CPU = Release|Any CPU
	EndGlobalSection
	GlobalSection(ProjectConfigurationPlatforms) = postSolution
		{6DAD8F28-A05C-43F2-9A78-29076375DC48}.Debug|Any CPU.ActiveCfg = Debug|Any CPU
		{6DAD8F28-A05C-43F2-9A78-29076375DC48}.Debug|Any CPU.Build.0 = Debug|Any CPU
		{6DAD8F28-A05C-43F2-9A78-29076375DC48}.Release|Any CPU.ActiveCfg = Release|Any CPU
		{6DAD8F28-A05C-43F2-9A78-29076375DC48}.Release|Any CPU.Build.0 = Release|Any CPU
	EndGlobalSection
	GlobalSection(SolutionProperties) = preSolution
		HideSolutionNode = FALSE
	EndGlobalSection
	GlobalSection(ExtensibilityGlobals) = postSolution
		SolutionGuid = {FFE87AC9-6E9B-448C-A16E-169BC05A8EE0}
	EndGlobalSection
EndGlobal
